
Microsoft Visual Studio Solution File, Format Version 12.00
# Visual Studio Version 16
VisualStudioVersion = 16.0.30523.141
MinimumVisualStudioVersion = 10.0.40219.1
Project("{9A19103F-16F7-4668-BE54-9A1E7A4F7556}") = "IBMMQResilientClient", "src\IBMMQResilientClient.csproj", "{2AE6C35E-ADF7-447E-9608-15FACDC5BF8B}"
EndProject
Project("{2150E333-8FDC-42A3-9474-1A3956D46DE8}") = "src", "src", "{B2BC030D-B949-4CFC-A372-491C2216ED01}"
EndProject
Global
	GlobalSection(SolutionConfigurationPlatforms) = preSolution
		Debug|Any CPU = Debug|Any CPU
		Release|Any CPU = Release|Any CPU
	EndGlobalSection
	GlobalSection(ProjectConfigurationPlatforms) = postSolution
		{2AE6C35E-ADF7-447E-9608-15FACDC5BF8B}.Debug|Any CPU.ActiveCfg = Debug|Any CPU
		{2AE6C35E-ADF7-447E-9608-15FACDC5BF8B}.Debug|Any CPU.Build.0 = Debug|Any CPU
		{2AE6C35E-ADF7-447E-9608-15FACDC5BF8B}.Release|Any CPU.ActiveCfg = Release|Any CPU
		{2AE6C35E-ADF7-447E-9608-15FACDC5BF8B}.Release|Any CPU.Build.0 = Release|Any CPU
	EndGlobalSection
	GlobalSection(SolutionProperties) = preSolution
		HideSolutionNode = FALSE
	EndGlobalSection
	GlobalSection(NestedProjects) = preSolution
		{2AE6C35E-ADF7-447E-9608-15FACDC5BF8B} = {B2BC030D-B949-4CFC-A372-491C2216ED01}
	EndGlobalSection
	GlobalSection(ExtensibilityGlobals) = postSolution
		SolutionGuid = {3984E8C5-C1DC-4D2F-8D67-4D3D5492E114}
	EndGlobalSection
EndGlobal
